
Microsoft Visual Studio Solution File, Format Version 12.00
# Visual Studio 15
VisualStudioVersion = 15.0.26730.15
MinimumVisualStudioVersion = 10.0.40219.1
Project("{FAE04EC0-301F-11D3-BF4B-00C04F79EFBC}") = "Quiron.LojaVirtual.Dominio", "Quiron.LojaVirtual.Dominio\Quiron.LojaVirtual.Dominio.csproj", "{EBAD26AB-1A36-455E-9B8F-058659F0582A}"
EndProject
Project("{FAE04EC0-301F-11D3-BF4B-00C04F79EFBC}") = "Quiron.LojaVirtual.Web", "Quiron.LojaVirtual.Web\Quiron.LojaVirtual.Web.csproj", "{EE572A7F-B6C0-4A3F-AF34-6520C4979548}"
EndProject
Project("{FAE04EC0-301F-11D3-BF4B-00C04F79EFBC}") = "Quiron.lojaVirtual.UnitTest", "Quiron.lojaVirtual.UnitTest\Quiron.lojaVirtual.UnitTest.csproj", "{3895A82A-6E24-4773-AC54-A50A805BBAC1}"
EndProject
Global
	GlobalSection(SolutionConfigurationPlatforms) = preSolution
		Debug|Any CPU = Debug|Any CPU
		Release|Any CPU = Release|Any CPU
	EndGlobalSection
	GlobalSection(ProjectConfigurationPlatforms) = postSolution
		{EBAD26AB-1A36-455E-9B8F-058659F0582A}.Debug|Any CPU.ActiveCfg = Debug|Any CPU
		{EBAD26AB-1A36-455E-9B8F-058659F0582A}.Debug|Any CPU.Build.0 = Debug|Any CPU
		{EBAD26AB-1A36-455E-9B8F-058659F0582A}.Release|Any CPU.ActiveCfg = Release|Any CPU
		{EBAD26AB-1A36-455E-9B8F-058659F0582A}.Release|Any CPU.Build.0 = Release|Any CPU
		{EE572A7F-B6C0-4A3F-AF34-6520C4979548}.Debug|Any CPU.ActiveCfg = Debug|Any CPU
		{EE572A7F-B6C0-4A3F-AF34-6520C4979548}.Debug|Any CPU.Build.0 = Debug|Any CPU
		{EE572A7F-B6C0-4A3F-AF34-6520C4979548}.Release|Any CPU.ActiveCfg = Release|Any CPU
		{EE572A7F-B6C0-4A3F-AF34-6520C4979548}.Release|Any CPU.Build.0 = Release|Any CPU
		{3895A82A-6E24-4773-AC54-A50A805BBAC1}.Debug|Any CPU.ActiveCfg = Debug|Any CPU
		{3895A82A-6E24-4773-AC54-A50A805BBAC1}.Debug|Any CPU.Build.0 = Debug|Any CPU
		{3895A82A-6E24-4773-AC54-A50A805BBAC1}.Release|Any CPU.ActiveCfg = Release|Any CPU
		{3895A82A-6E24-4773-AC54-A50A805BBAC1}.Release|Any CPU.Build.0 = Release|Any CPU
	EndGlobalSection
	GlobalSection(SolutionProperties) = preSolution
		HideSolutionNode = FALSE
	EndGlobalSection
	GlobalSection(ExtensibilityGlobals) = postSolution
		SolutionGuid = {28B9D42B-FB8C-4129-B6DE-6609DBBEE955}
	EndGlobalSection
EndGlobal
